
Microsoft Visual Studio Solution File, Format Version 12.00
# Visual Studio 14
VisualStudioVersion = 14.0.25420.1
MinimumVisualStudioVersion = 10.0.40219.1
Project("{8BC9CEB8-8B4A-11D0-8D11-00A0C91BC942}") = "RayTracing", "RayTracing\RayTracing.vcxproj", "{F2DE2F2B-DCDA-4B29-86D2-6F0698942590}"
EndProject
Project("{8BC9CEB8-8B4A-11D0-8D11-00A0C91BC942}") = "UnitTest", "UnitTest\UnitTest.vcxproj", "{EB479FFE-3F8C-4E68-BD70-4DDE5F209476}"
EndProject
Global
	GlobalSection(SolutionConfigurationPlatforms) = preSolution
		Debug|Any CPU = Debug|Any CPU
		Debug|x64 = Debug|x64
		Debug|x86 = Debug|x86
		Release|Any CPU = Release|Any CPU
		Release|x64 = Release|x64
		Release|x86 = Release|x86
	EndGlobalSection
	GlobalSection(ProjectConfigurationPlatforms) = postSolution
		{F2DE2F2B-DCDA-4B29-86D2-6F0698942590}.Debug|Any CPU.ActiveCfg = Debug|Win32
		{F2DE2F2B-DCDA-4B29-86D2-6F0698942590}.Debug|x64.ActiveCfg = Debug|x64
		{F2DE2F2B-DCDA-4B29-86D2-6F0698942590}.Debug|x64.Build.0 = Debug|x64
		{F2DE2F2B-DCDA-4B29-86D2-6F0698942590}.Debug|x86.ActiveCfg = Debug|Win32
		{F2DE2F2B-DCDA-4B29-86D2-6F0698942590}.Debug|x86.Build.0 = Debug|Win32
		{F2DE2F2B-DCDA-4B29-86D2-6F0698942590}.Release|Any CPU.ActiveCfg = Release|Win32
		{F2DE2F2B-DCDA-4B29-86D2-6F0698942590}.Release|x64.ActiveCfg = Release|x64
		{F2DE2F2B-DCDA-4B29-86D2-6F0698942590}.Release|x64.Build.0 = Release|x64
		{F2DE2F2B-DCDA-4B29-86D2-6F0698942590}.Release|x86.ActiveCfg = Release|Win32
		{F2DE2F2B-DCDA-4B29-86D2-6F0698942590}.Release|x86.Build.0 = Release|Win32
		{EB479FFE-3F8C-4E68-BD70-4DDE5F209476}.Debug|Any CPU.ActiveCfg = Debug|Win32
		{EB479FFE-3F8C-4E68-BD70-4DDE5F209476}.Debug|x64.ActiveCfg = Debug|x64
		{EB479FFE-3F8C-4E68-BD70-4DDE5F209476}.Debug|x64.Build.0 = Debug|x64
		{EB479FFE-3F8C-4E68-BD70-4DDE5F209476}.Debug|x86.ActiveCfg = Debug|Win32
		{EB479FFE-3F8C-4E68-BD70-4DDE5F209476}.Debug|x86.Build.0 = Debug|Win32
		{EB479FFE-3F8C-4E68-BD70-4DDE5F209476}.Release|Any CPU.ActiveCfg = Release|Win32
		{EB479FFE-3F8C-4E68-BD70-4DDE5F209476}.Release|x64.ActiveCfg = Release|x64
		{EB479FFE-3F8C-4E68-BD70-4DDE5F209476}.Release|x64.Build.0 = Release|x64
		{EB479FFE-3F8C-4E68-BD70-4DDE5F209476}.Release|x86.ActiveCfg = Release|Win32
		{EB479FFE-3F8C-4E68-BD70-4DDE5F209476}.Release|x86.Build.0 = Release|Win32
	EndGlobalSection
	GlobalSection(SolutionProperties) = preSolution
		HideSolutionNode = FALSE
	EndGlobalSection
EndGlobal
